// !$*UTF8*$!
{
	archiveVersion = 1;
	classes = {
	};
	objectVersion = 46;
	objects = {

/* Begin PBXBuildFile section */
		8DFC1FA419C6312D00EDA411 /* main.m in Sources */ = {isa = PBXBuildFile; fileRef = 8DFC1FA319C6312D00EDA411 /* main.m */; };
		8DFC1FA719C6312D00EDA411 /* AppDelegate.m in Sources */ = {isa = PBXBuildFile; fileRef = 8DFC1FA619C6312D00EDA411 /* AppDelegate.m */; };
		8DFC1FAA19C6312D00EDA411 /* ViewController.m in Sources */ = {isa = PBXBuildFile; fileRef = 8DFC1FA919C6312D00EDA411 /* ViewController.m */; };
		8DFC1FAD19C6312D00EDA411 /* Main.storyboard in Resources */ = {isa = PBXBuildFile; fileRef = 8DFC1FAB19C6312D00EDA411 /* Main.storyboard */; };
		8DFC1FAF19C6312D00EDA411 /* Images.xcassets in Resources */ = {isa = PBXBuildFile; fileRef = 8DFC1FAE19C6312D00EDA411 /* Images.xcassets */; };
		8DFC1FB219C6312D00EDA411 /* LaunchScreen.xib in Resources */ = {isa = PBXBuildFile; fileRef = 8DFC1FB019C6312D00EDA411 /* LaunchScreen.xib */; };
		8DFC1FBE19C6312D00EDA411 /* MMMSwitchTests.m in Sources */ = {isa = PBXBuildFile; fileRef = 8DFC1FBD19C6312D00EDA411 /* MMMSwitchTests.m */; };
		8DFC1FC919C6316500EDA411 /* MMMSwitch.m in Sources */ = {isa = PBXBuildFile; fileRef = 8DFC1FC819C6316500EDA411 /* MMMSwitch.m */; };
		8DFC1FCC19C633DC00EDA411 /* MMMSwitchThumb.m in Sources */ = {isa = PBXBuildFile; fileRef = 8DFC1FCB19C633DC00EDA411 /* MMMSwitchThumb.m */; };
/* End PBXBuildFile section */

/* Begin PBXContainerItemProxy section */
		8DFC1FB819C6312D00EDA411 /* PBXContainerItemProxy */ = {
			isa = PBXContainerItemProxy;
			containerPortal = 8DFC1F9619C6312D00EDA411 /* Project object */;
			proxyType = 1;
			remoteGlobalIDString = 8DFC1F9D19C6312D00EDA411;
			remoteInfo = MMMSwitch;
		};
/* End PBXContainerItemProxy section */

/* Begin PBXFileReference section */
		8DFC1F9E19C6312D00EDA411 /* MMMSwitch.app */ = {isa = PBXFileReference; explicitFileType = wrapper.application; includeInIndex = 0; path = MMMSwitch.app; sourceTree = BUILT_PRODUCTS_DIR; };
		8DFC1FA219C6312D00EDA411 /* Info.plist */ = {isa = PBXFileReference; lastKnownFileType = text.plist.xml; path = Info.plist; sourceTree = "<group>"; };
		8DFC1FA319C6312D00EDA411 /* main.m */ = {isa = PBXFileReference; lastKnownFileType = sourcecode.c.objc; path = main.m; sourceTree = "<group>"; };
		8DFC1FA519C6312D00EDA411 /* AppDelegate.h */ = {isa = PBXFileReference; lastKnownFileType = sourcecode.c.h; path = AppDelegate.h; sourceTree = "<group>"; };
		8DFC1FA619C6312D00EDA411 /* AppDelegate.m */ = {isa = PBXFileReference; lastKnownFileType = sourcecode.c.objc; path = AppDelegate.m; sourceTree = "<group>"; };
		8DFC1FA819C6312D00EDA411 /* ViewController.h */ = {isa = PBXFileReference; lastKnownFileType = sourcecode.c.h; path = ViewController.h; sourceTree = "<group>"; };
		8DFC1FA919C6312D00EDA411 /* ViewController.m */ = {isa = PBXFileReference; lastKnownFileType = sourcecode.c.objc; path = ViewController.m; sourceTree = "<group>"; };
		8DFC1FAC19C6312D00EDA411 /* Base */ = {isa = PBXFileReference; lastKnownFileType = file.storyboard; name = Base; path = Base.lproj/Main.storyboard; sourceTree = "<group>"; };
		8DFC1FAE19C6312D00EDA411 /* Images.xcassets */ = {isa = PBXFileReference; lastKnownFileType = folder.assetcatalog; path = Images.xcassets; sourceTree = "<group>"; };
		8DFC1FB119C6312D00EDA411 /* Base */ = {isa = PBXFileReference; lastKnownFileType = file.xib; name = Base; path = Base.lproj/LaunchScreen.xib; sourceTree = "<group>"; };
		8DFC1FB719C6312D00EDA411 /* MMMSwitchTests.xctest */ = {isa = PBXFileReference; explicitFileType = wrapper.cfbundle; includeInIndex = 0; path = MMMSwitchTests.xctest; sourceTree = BUILT_PRODUCTS_DIR; };
		8DFC1FBC19C6312D00EDA411 /* Info.plist */ = {isa = PBXFileReference; lastKnownFileType = text.plist.xml; path = Info.plist; sourceTree = "<group>"; };
		8DFC1FBD19C6312D00EDA411 /* MMMSwitchTests.m */ = {isa = PBXFileReference; lastKnownFileType = sourcecode.c.objc; path = MMMSwitchTests.m; sourceTree = "<group>"; };
		8DFC1FC719C6316500EDA411 /* MMMSwitch.h */ = {isa = PBXFileReference; fileEncoding = 4; lastKnownFileType = sourcecode.c.h; path = MMMSwitch.h; sourceTree = "<group>"; };
		8DFC1FC819C6316500EDA411 /* MMMSwitch.m */ = {isa = PBXFileReference; fileEncoding = 4; lastKnownFileType = sourcecode.c.objc; path = MMMSwitch.m; sourceTree = "<group>"; };
		8DFC1FCA19C633DC00EDA411 /* MMMSwitchThumb.h */ = {isa = PBXFileReference; fileEncoding = 4; lastKnownFileType = sourcecode.c.h; path = MMMSwitchThumb.h; sourceTree = "<group>"; };
		8DFC1FCB19C633DC00EDA411 /* MMMSwitchThumb.m */ = {isa = PBXFileReference; fileEncoding = 4; lastKnownFileType = sourcecode.c.objc; path = MMMSwitchThumb.m; sourceTree = "<group>"; };
/* End PBXFileReference section */

/* Begin PBXFrameworksBuildPhase section */
		8DFC1F9B19C6312D00EDA411 /* Frameworks */ = {
			isa = PBXFrameworksBuildPhase;
			buildActionMask = 2147483647;
			files = (
			);
			runOnlyForDeploymentPostprocessing = 0;
		};
		8DFC1FB419C6312D00EDA411 /* Frameworks */ = {
			isa = PBXFrameworksBuildPhase;
			buildActionMask = 2147483647;
			files = (
			);
			runOnlyForDeploymentPostprocessing = 0;
		};
/* End PBXFrameworksBuildPhase section */

/* Begin PBXGroup section */
		8DFC1F9519C6312D00EDA411 = {
			isa = PBXGroup;
			children = (
				8DFC1FA019C6312D00EDA411 /* MMMSwitch */,
				8DFC1FBA19C6312D00EDA411 /* MMMSwitchTests */,
				8DFC1F9F19C6312D00EDA411 /* Products */,
			);
			sourceTree = "<group>";
		};
		8DFC1F9F19C6312D00EDA411 /* Products */ = {
			isa = PBXGroup;
			children = (
				8DFC1F9E19C6312D00EDA411 /* MMMSwitch.app */,
				8DFC1FB719C6312D00EDA411 /* MMMSwitchTests.xctest */,
			);
			name = Products;
			sourceTree = "<group>";
		};
		8DFC1FA019C6312D00EDA411 /* MMMSwitch */ = {
			isa = PBXGroup;
			children = (
				8DFC1FA519C6312D00EDA411 /* AppDelegate.h */,
				8DFC1FA619C6312D00EDA411 /* AppDelegate.m */,
				8DFC1FA819C6312D00EDA411 /* ViewController.h */,
				8DFC1FA919C6312D00EDA411 /* ViewController.m */,
				8DFC1FAB19C6312D00EDA411 /* Main.storyboard */,
				8DFC1FAE19C6312D00EDA411 /* Images.xcassets */,
				8DFC1FB019C6312D00EDA411 /* LaunchScreen.xib */,
				8DFC1FA119C6312D00EDA411 /* Supporting Files */,
				8DFC1FC719C6316500EDA411 /* MMMSwitch.h */,
				8DFC1FC819C6316500EDA411 /* MMMSwitch.m */,
				8DFC1FCA19C633DC00EDA411 /* MMMSwitchThumb.h */,
				8DFC1FCB19C633DC00EDA411 /* MMMSwitchThumb.m */,
			);
			path = MMMSwitch;
			sourceTree = "<group>";
		};
		8DFC1FA119C6312D00EDA411 /* Supporting Files */ = {
			isa = PBXGroup;
			children = (
				8DFC1FA219C6312D00EDA411 /* Info.plist */,
				8DFC1FA319C6312D00EDA411 /* main.m */,
			);
			name = "Supporting Files";
			sourceTree = "<group>";
		};
		8DFC1FBA19C6312D00EDA411 /* MMMSwitchTests */ = {
			isa = PBXGroup;
			children = (
				8DFC1FBD19C6312D00EDA411 /* MMMSwitchTests.m */,
				8DFC1FBB19C6312D00EDA411 /* Supporting Files */,
			);
			path = MMMSwitchTests;
			sourceTree = "<group>";
		};
		8DFC1FBB19C6312D00EDA411 /* Supporting Files */ = {
			isa = PBXGroup;
			children = (
				8DFC1FBC19C6312D00EDA411 /* Info.plist */,
			);
			name = "Supporting Files";
			sourceTree = "<group>";
		};
/* End PBXGroup section */

/* Begin PBXNativeTarget section */
		8DFC1F9D19C6312D00EDA411 /* MMMSwitch */ = {
			isa = PBXNativeTarget;
			buildConfigurationList = 8DFC1FC119C6312D00EDA411 /* Build configuration list for PBXNativeTarget "MMMSwitch" */;
			buildPhases = (
				8DFC1F9A19C6312D00EDA411 /* Sources */,
				8DFC1F9B19C6312D00EDA411 /* Frameworks */,
				8DFC1F9C19C6312D00EDA411 /* Resources */,
			);
			buildRules = (
			);
			dependencies = (
			);
			name = MMMSwitch;
			productName = MMMSwitch;
			productReference = 8DFC1F9E19C6312D00EDA411 /* MMMSwitch.app */;
			productType = "com.apple.product-type.application";
		};
		8DFC1FB619C6312D00EDA411 /* MMMSwitchTests */ = {
			isa = PBXNativeTarget;
			buildConfigurationList = 8DFC1FC419C6312D00EDA411 /* Build configuration list for PBXNativeTarget "MMMSwitchTests" */;
			buildPhases = (
				8DFC1FB319C6312D00EDA411 /* Sources */,
				8DFC1FB419C6312D00EDA411 /* Frameworks */,
				8DFC1FB519C6312D00EDA411 /* Resources */,
			);
			buildRules = (
			);
			dependencies = (
				8DFC1FB919C6312D00EDA411 /* PBXTargetDependency */,
			);
			name = MMMSwitchTests;
			productName = MMMSwitchTests;
			productReference = 8DFC1FB719C6312D00EDA411 /* MMMSwitchTests.xctest */;
			productType = "com.apple.product-type.bundle.unit-test";
		};
/* End PBXNativeTarget section */

/* Begin PBXProject section */
		8DFC1F9619C6312D00EDA411 /* Project object */ = {
			isa = PBXProject;
			attributes = {
				LastUpgradeCheck = 0600;
				ORGANIZATIONNAME = MMM;
				TargetAttributes = {
					8DFC1F9D19C6312D00EDA411 = {
						CreatedOnToolsVersion = 6.0;
					};
					8DFC1FB619C6312D00EDA411 = {
						CreatedOnToolsVersion = 6.0;
						TestTargetID = 8DFC1F9D19C6312D00EDA411;
					};
				};
			};
			buildConfigurationList = 8DFC1F9919C6312D00EDA411 /* Build configuration list for PBXProject "MMMSwitch" */;
			compatibilityVersion = "Xcode 3.2";
			developmentRegion = English;
			hasScannedForEncodings = 0;
			knownRegions = (
				en,
				Base,
			);
			mainGroup = 8DFC1F9519C6312D00EDA411;
			productRefGroup = 8DFC1F9F19C6312D00EDA411 /* Products */;
			projectDirPath = "";
			projectRoot = "";
			targets = (
				8DFC1F9D19C6312D00EDA411 /* MMMSwitch */,
				8DFC1FB619C6312D00EDA411 /* MMMSwitchTests */,
			);
		};
/* End PBXProject section */

/* Begin PBXResourcesBuildPhase section */
		8DFC1F9C19C6312D00EDA411 /* Resources */ = {
			isa = PBXResourcesBuildPhase;
			buildActionMask = 2147483647;
			files = (
				8DFC1FAD19C6312D00EDA411 /* Main.storyboard in Resources */,
				8DFC1FB219C6312D00EDA411 /* LaunchScreen.xib in Resources */,
				8DFC1FAF19C6312D00EDA411 /* Images.xcassets in Resources */,
			);
			runOnlyForDeploymentPostprocessing = 0;
		};
		8DFC1FB519C6312D00EDA411 /* Resources */ = {
			isa = PBXResourcesBuildPhase;
			buildActionMask = 2147483647;
			files = (
			);
			runOnlyForDeploymentPostprocessing = 0;
		};
/* End PBXResourcesBuildPhase section */

/* Begin PBXSourcesBuildPhase section */
		8DFC1F9A19C6312D00EDA411 /* Sources */ = {
			isa = PBXSourcesBuildPhase;
			buildActionMask = 2147483647;
			files = (
				8DFC1FCC19C633DC00EDA411 /* MMMSwitchThumb.m in Sources */,
				8DFC1FAA19C6312D00EDA411 /* ViewController.m in Sources */,
				8DFC1FA719C6312D00EDA411 /* AppDelegate.m in Sources */,
				8DFC1FA419C6312D00EDA411 /* main.m in Sources */,
				8DFC1FC919C6316500EDA411 /* MMMSwitch.m in Sources */,
			);
			runOnlyForDeploymentPostprocessing = 0;
		};
		8DFC1FB319C6312D00EDA411 /* Sources */ = {
			isa = PBXSourcesBuildPhase;
			buildActionMask = 2147483647;
			files = (
				8DFC1FBE19C6312D00EDA411 /* MMMSwitchTests.m in Sources */,
			);
			runOnlyForDeploymentPostprocessing = 0;
		};
/* End PBXSourcesBuildPhase section */

/* Begin PBXTargetDependency section */
		8DFC1FB919C6312D00EDA411 /* PBXTargetDependency */ = {
			isa = PBXTargetDependency;
			target = 8DFC1F9D19C6312D00EDA411 /* MMMSwitch */;
			targetProxy = 8DFC1FB819C6312D00EDA411 /* PBXContainerItemProxy */;
		};
/* End PBXTargetDependency section */

/* Begin PBXVariantGroup section */
		8DFC1FAB19C6312D00EDA411 /* Main.storyboard */ = {
			isa = PBXVariantGroup;
			children = (
				8DFC1FAC19C6312D00EDA411 /* Base */,
			);
			name = Main.storyboard;
			sourceTree = "<group>";
		};
		8DFC1FB019C6312D00EDA411 /* LaunchScreen.xib */ = {
			isa = PBXVariantGroup;
			children = (
				8DFC1FB119C6312D00EDA411 /* Base */,
			);
			name = LaunchScreen.xib;
			sourceTree = "<group>";
		};
/* End PBXVariantGroup section */

/* Begin XCBuildConfiguration section */
		8DFC1FBF19C6312D00EDA411 /* Debug */ = {
			isa = XCBuildConfiguration;
			buildSettings = {
				ALWAYS_SEARCH_USER_PATHS = NO;
				CLANG_CXX_LANGUAGE_STANDARD = "gnu++0x";
				CLANG_CXX_LIBRARY = "libc++";
				CLANG_ENABLE_MODULES = YES;
				CLANG_ENABLE_OBJC_ARC = YES;
				CLANG_WARN_BOOL_CONVERSION = YES;
				CLANG_WARN_CONSTANT_CONVERSION = YES;
				CLANG_WARN_DIRECT_OBJC_ISA_USAGE = YES_ERROR;
				CLANG_WARN_EMPTY_BODY = YES;
				CLANG_WARN_ENUM_CONVERSION = YES;
				CLANG_WARN_INT_CONVERSION = YES;
				CLANG_WARN_OBJC_ROOT_CLASS = YES_ERROR;
				CLANG_WARN_UNREACHABLE_CODE = YES;
				CLANG_WARN__DUPLICATE_METHOD_MATCH = YES;
				"CODE_SIGN_IDENTITY[sdk=iphoneos*]" = "iPhone Developer";
				COPY_PHASE_STRIP = NO;
				ENABLE_STRICT_OBJC_MSGSEND = YES;
				GCC_C_LANGUAGE_STANDARD = gnu99;
				GCC_DYNAMIC_NO_PIC = NO;
				GCC_OPTIMIZATION_LEVEL = 0;
				GCC_PREPROCESSOR_DEFINITIONS = (
					"DEBUG=1",
					"$(inherited)",
				);
				GCC_SYMBOLS_PRIVATE_EXTERN = NO;
				GCC_WARN_64_TO_32_BIT_CONVERSION = YES;
				GCC_WARN_ABOUT_RETURN_TYPE = YES_ERROR;
				GCC_WARN_UNDECLARED_SELECTOR = YES;
				GCC_WARN_UNINITIALIZED_AUTOS = YES_AGGRESSIVE;
				GCC_WARN_UNUSED_FUNCTION = YES;
				GCC_WARN_UNUSED_VARIABLE = YES;
				IPHONEOS_DEPLOYMENT_TARGET = 8.0;
				MTL_ENABLE_DEBUG_INFO = YES;
				ONLY_ACTIVE_ARCH = YES;
				SDKROOT = iphoneos;
			};
			name = Debug;
		};
		8DFC1FC019C6312D00EDA411 /* Release */ = {
			isa = XCBuildConfiguration;
			buildSettings = {
				ALWAYS_SEARCH_USER_PATHS = NO;
				CLANG_CXX_LANGUAGE_STANDARD = "gnu++0x";
				CLANG_CXX_LIBRARY = "libc++";
				CLANG_ENABLE_MODULES = YES;
				CLANG_ENABLE_OBJC_ARC = YES;
				CLANG_WARN_BOOL_CONVERSION = YES;
				CLANG_WARN_CONSTANT_CONVERSION = YES;
				CLANG_WARN_DIRECT_OBJC_ISA_USAGE = YES_ERROR;
				CLANG_WARN_EMPTY_BODY = YES;
				CLANG_WARN_ENUM_CONVERSION = YES;
				CLANG_WARN_INT_CONVERSION = YES;
				CLANG_WARN_OBJC_ROOT_CLASS = YES_ERROR;
				CLANG_WARN_UNREACHABLE_CODE = YES;
				CLANG_WARN__DUPLICATE_METHOD_MATCH = YES;
				"CODE_SIGN_IDENTITY[sdk=iphoneos*]" = "iPhone Developer";
				COPY_PHASE_STRIP = YES;
				ENABLE_NS_ASSERTIONS = NO;
				ENABLE_STRICT_OBJC_MSGSEND = YES;
				GCC_C_LANGUAGE_STANDARD = gnu99;
				GCC_WARN_64_TO_32_BIT_CONVERSION = YES;
				GCC_WARN_ABOUT_RETURN_TYPE = YES_ERROR;
				GCC_WARN_UNDECLARED_SELECTOR = YES;
				GCC_WARN_UNINITIALIZED_AUTOS = YES_AGGRESSIVE;
				GCC_WARN_UNUSED_FUNCTION = YES;
				GCC_WARN_UNUSED_VARIABLE = YES;
				IPHONEOS_DEPLOYMENT_TARGET = 8.0;
				MTL_ENABLE_DEBUG_INFO = NO;
				SDKROOT = iphoneos;
				VALIDATE_PRODUCT = YES;
			};
			name = Release;
		};
		8DFC1FC219C6312D00EDA411 /* Debug */ = {
			isa = XCBuildConfiguration;
			buildSettings = {
				ASSETCATALOG_COMPILER_APPICON_NAME = AppIcon;
				INFOPLIST_FILE = MMMSwitch/Info.plist;
				LD_RUNPATH_SEARCH_PATHS = "$(inherited) @executable_path/Frameworks";
				PRODUCT_NAME = "$(TARGET_NAME)";
			};
			name = Debug;
		};
		8DFC1FC319C6312D00EDA411 /* Release */ = {
			isa = XCBuildConfiguration;
			buildSettings = {
				ASSETCATALOG_COMPILER_APPICON_NAME = AppIcon;
				INFOPLIST_FILE = MMMSwitch/Info.plist;
				LD_RUNPATH_SEARCH_PATHS = "$(inherited) @executable_path/Frameworks";
				PRODUCT_NAME = "$(TARGET_NAME)";
			};
			name = Release;
		};
		8DFC1FC519C6312D00EDA411 /* Debug */ = {
			isa = XCBuildConfiguration;
			buildSettings = {
				BUNDLE_LOADER = "$(TEST_HOST)";
				FRAMEWORK_SEARCH_PATHS = (
					"$(SDKROOT)/Developer/Library/Frameworks",
					"$(inherited)",
				);
				GCC_PREPROCESSOR_DEFINITIONS = (
					"DEBUG=1",
					"$(inherited)",
				);
				INFOPLIST_FILE = MMMSwitchTests/Info.plist;
				LD_RUNPATH_SEARCH_PATHS = "$(inherited) @executable_path/Frameworks @loader_path/Frameworks";
				PRODUCT_NAME = "$(TARGET_NAME)";
				TEST_HOST = "$(BUILT_PRODUCTS_DIR)/MMMSwitch.app/MMMSwitch";
			};
			name = Debug;
		};
		8DFC1FC619C6312D00EDA411 /* Release */ = {
			isa = XCBuildConfiguration;
			buildSettings = {
				BUNDLE_LOADER = "$(TEST_HOST)";
				FRAMEWORK_SEARCH_PATHS = (
					"$(SDKROOT)/Developer/Library/Frameworks",
					"$(inherited)",
				);
				INFOPLIST_FILE = MMMSwitchTests/Info.plist;
				LD_RUNPATH_SEARCH_PATHS = "$(inherited) @executable_path/Frameworks @loader_path/Frameworks";
				PRODUCT_NAME = "$(TARGET_NAME)";
				TEST_HOST = "$(BUILT_PRODUCTS_DIR)/MMMSwitch.app/MMMSwitch";
			};
			name = Release;
		};
/* End XCBuildConfiguration section */

/* Begin XCConfigurationList section */
		8DFC1F9919C6312D00EDA411 /* Build configuration list for PBXProject "MMMSwitch" */ = {
			isa = XCConfigurationList;
			buildConfigurations = (
				8DFC1FBF19C6312D00EDA411 /* Debug */,
				8DFC1FC019C6312D00EDA411 /* Release */,
			);
			defaultConfigurationIsVisible = 0;
			defaultConfigurationName = Release;
		};
		8DFC1FC119C6312D00EDA411 /* Build configuration list for PBXNativeTarget "MMMSwitch" */ = {
			isa = XCConfigurationList;
			buildConfigurations = (
				8DFC1FC219C6312D00EDA411 /* Debug */,
				8DFC1FC319C6312D00EDA411 /* Release */,
			);
			defaultConfigurationIsVisible = 0;
			defaultConfigurationName = Release;
		};
		8DFC1FC419C6312D00EDA411 /* Build configuration list for PBXNativeTarget "MMMSwitchTests" */ = {
			isa = XCConfigurationList;
			buildConfigurations = (
				8DFC1FC519C6312D00EDA411 /* Debug */,
				8DFC1FC619C6312D00EDA411 /* Release */,
			);
			defaultConfigurationIsVisible = 0;
			defaultConfigurationName = Release;
		};
/* End XCConfigurationList section */
	};
	rootObject = 8DFC1F9619C6312D00EDA411 /* Project object */;
}
